
Microsoft Visual Studio Solution File, Format Version 12.00
# Visual Studio Version 17
VisualStudioVersion = 17.13.35919.96
MinimumVisualStudioVersion = 10.0.40219.1
Project("{FAE04EC0-301F-11D3-BF4B-00C04F79EFBC}") = "GiganteDeAco.WebApi", "GiganteDeAco.WebApi\GiganteDeAco.WebApi.csproj", "{403F1292-931F-32BD-9F9A-4070A7AB1098}"
EndProject
Project("{FAE04EC0-301F-11D3-BF4B-00C04F79EFBC}") = "GiganteDeAco.Domain", "GiganteDeAco.Domain\GiganteDeAco.Domain.csproj", "{DB4E9E9C-63C3-4057-8BF2-37006238CB19}"
EndProject
Project("{FAE04EC0-301F-11D3-BF4B-00C04F79EFBC}") = "GiganteDeAco.Infra", "GiganteDeAco.Infra\GiganteDeAco.Infra.csproj", "{4533EE73-1093-4E0A-BCEC-61BA5B5C3C4D}"
EndProject
Project("{FAE04EC0-301F-11D3-BF4B-00C04F79EFBC}") = "GiganteDeAco.Application", "GiganteDeAco.Application\GiganteDeAco.Application.csproj", "{E96878C4-29AE-4E1B-A447-1919064BFCDA}"
EndProject
Project("{FAE04EC0-301F-11D3-BF4B-00C04F79EFBC}") = "GiganteDeAco.Contracts", "GiganteDeAco.Contracts\GiganteDeAco.Contracts.csproj", "{82E149CB-701F-4670-8EB1-386A354FCB38}"
EndProject
Global
	GlobalSection(SolutionConfigurationPlatforms) = preSolution
		Debug|Any CPU = Debug|Any CPU
		Release|Any CPU = Release|Any CPU
	EndGlobalSection
	GlobalSection(ProjectConfigurationPlatforms) = postSolution
		{403F1292-931F-32BD-9F9A-4070A7AB1098}.Debug|Any CPU.ActiveCfg = Debug|Any CPU
		{403F1292-931F-32BD-9F9A-4070A7AB1098}.Debug|Any CPU.Build.0 = Debug|Any CPU
		{403F1292-931F-32BD-9F9A-4070A7AB1098}.Release|Any CPU.ActiveCfg = Release|Any CPU
		{403F1292-931F-32BD-9F9A-4070A7AB1098}.Release|Any CPU.Build.0 = Release|Any CPU
		{DB4E9E9C-63C3-4057-8BF2-37006238CB19}.Debug|Any CPU.ActiveCfg = Debug|Any CPU
		{DB4E9E9C-63C3-4057-8BF2-37006238CB19}.Debug|Any CPU.Build.0 = Debug|Any CPU
		{DB4E9E9C-63C3-4057-8BF2-37006238CB19}.Release|Any CPU.ActiveCfg = Release|Any CPU
		{DB4E9E9C-63C3-4057-8BF2-37006238CB19}.Release|Any CPU.Build.0 = Release|Any CPU
		{4533EE73-1093-4E0A-BCEC-61BA5B5C3C4D}.Debug|Any CPU.ActiveCfg = Debug|Any CPU
		{4533EE73-1093-4E0A-BCEC-61BA5B5C3C4D}.Debug|Any CPU.Build.0 = Debug|Any CPU
		{4533EE73-1093-4E0A-BCEC-61BA5B5C3C4D}.Release|Any CPU.ActiveCfg = Release|Any CPU
		{4533EE73-1093-4E0A-BCEC-61BA5B5C3C4D}.Release|Any CPU.Build.0 = Release|Any CPU
		{E96878C4-29AE-4E1B-A447-1919064BFCDA}.Debug|Any CPU.ActiveCfg = Debug|Any CPU
		{E96878C4-29AE-4E1B-A447-1919064BFCDA}.Debug|Any CPU.Build.0 = Debug|Any CPU
		{E96878C4-29AE-4E1B-A447-1919064BFCDA}.Release|Any CPU.ActiveCfg = Release|Any CPU
		{E96878C4-29AE-4E1B-A447-1919064BFCDA}.Release|Any CPU.Build.0 = Release|Any CPU
		{82E149CB-701F-4670-8EB1-386A354FCB38}.Debug|Any CPU.ActiveCfg = Debug|Any CPU
		{82E149CB-701F-4670-8EB1-386A354FCB38}.Debug|Any CPU.Build.0 = Debug|Any CPU
		{82E149CB-701F-4670-8EB1-386A354FCB38}.Release|Any CPU.ActiveCfg = Release|Any CPU
		{82E149CB-701F-4670-8EB1-386A354FCB38}.Release|Any CPU.Build.0 = Release|Any CPU
	EndGlobalSection
	GlobalSection(SolutionProperties) = preSolution
		HideSolutionNode = FALSE
	EndGlobalSection
	GlobalSection(ExtensibilityGlobals) = postSolution
		SolutionGuid = {7E0D7C5E-7BCD-4AE8-B902-27B89FCBE238}
	EndGlobalSection
EndGlobal
